Microsoft Visual Studio Solution File, Format Version 12.00
# Visual Studio Version 17
VisualStudioVersion = 17.5.2.0
MinimumVisualStudioVersion = 10.0.40219.1
Project("{FAE04EC0-301F-11D3-BF4B-00C04F79EFBC}") = "SecureShopApp", "SecureShopApp.csproj", "{A7F56242-6EC9-53D9-2627-8C1714FC5087}"
EndProject
Global
	GlobalSection(SolutionConfigurationPlatforms) = preSolution
		Debug|Any CPU = Debug|Any CPU
		Release|Any CPU = Release|Any CPU
	EndGlobalSection
	GlobalSection(ProjectConfigurationPlatforms) = postSolution
		{A7F56242-6EC9-53D9-2627-8C1714FC5087}.Debug|Any CPU.ActiveCfg = Debug|Any CPU
		{A7F56242-6EC9-53D9-2627-8C1714FC5087}.Debug|Any CPU.Build.0 = Debug|Any CPU
		{A7F56242-6EC9-53D9-2627-8C1714FC5087}.Release|Any CPU.ActiveCfg = Release|Any CPU
		{A7F56242-6EC9-53D9-2627-8C1714FC5087}.Release|Any CPU.Build.0 = Release|Any CPU
	EndGlobalSection
	GlobalSection(SolutionProperties) = preSolution
		HideSolutionNode = FALSE
	EndGlobalSection
	GlobalSection(ExtensibilityGlobals) = postSolution
		SolutionGuid = {DB5AA866-31D2-45C9-A275-3C9067215B42}
	EndGlobalSection
EndGlobal
