Microsoft Visual Studio Solution File, Format Version 12.00
# Visual Studio Version 17
VisualStudioVersion = 17.5.2.0
MinimumVisualStudioVersion = 10.0.40219.1
Project("{FAE04EC0-301F-11D3-BF4B-00C04F79EFBC}") = "TestHelloApp", "TestHelloApp.csproj", "{84934F07-B37B-66BC-75D2-85E2543A1AA3}"
EndProject
Global
	GlobalSection(SolutionConfigurationPlatforms) = preSolution
		Debug|Any CPU = Debug|Any CPU
		Release|Any CPU = Release|Any CPU
	EndGlobalSection
	GlobalSection(ProjectConfigurationPlatforms) = postSolution
		{84934F07-B37B-66BC-75D2-85E2543A1AA3}.Debug|Any CPU.ActiveCfg = Debug|Any CPU
		{84934F07-B37B-66BC-75D2-85E2543A1AA3}.Debug|Any CPU.Build.0 = Debug|Any CPU
		{84934F07-B37B-66BC-75D2-85E2543A1AA3}.Release|Any CPU.ActiveCfg = Release|Any CPU
		{84934F07-B37B-66BC-75D2-85E2543A1AA3}.Release|Any CPU.Build.0 = Release|Any CPU
	EndGlobalSection
	GlobalSection(SolutionProperties) = preSolution
		HideSolutionNode = FALSE
	EndGlobalSection
	GlobalSection(ExtensibilityGlobals) = postSolution
		SolutionGuid = {855C5B37-D079-4912-AB80-D42396FDE9F2}
	EndGlobalSection
EndGlobal
