Microsoft Visual Studio Solution File, Format Version 12.00
# Visual Studio Version 17
VisualStudioVersion = 17.5.2.0
MinimumVisualStudioVersion = 10.0.40219.1
Project("{FAE04EC0-301F-11D3-BF4B-00C04F79EFBC}") = "mvccore-ajaz-demo", "mvccore-ajaz-demo.csproj", "{A868A8F8-42C1-B385-A9CF-2AEF16EC7630}"
EndProject
Global
	GlobalSection(SolutionConfigurationPlatforms) = preSolution
		Debug|Any CPU = Debug|Any CPU
		Release|Any CPU = Release|Any CPU
	EndGlobalSection
	GlobalSection(ProjectConfigurationPlatforms) = postSolution
		{A868A8F8-42C1-B385-A9CF-2AEF16EC7630}.Debug|Any CPU.ActiveCfg = Debug|Any CPU
		{A868A8F8-42C1-B385-A9CF-2AEF16EC7630}.Debug|Any CPU.Build.0 = Debug|Any CPU
		{A868A8F8-42C1-B385-A9CF-2AEF16EC7630}.Release|Any CPU.ActiveCfg = Release|Any CPU
		{A868A8F8-42C1-B385-A9CF-2AEF16EC7630}.Release|Any CPU.Build.0 = Release|Any CPU
	EndGlobalSection
	GlobalSection(SolutionProperties) = preSolution
		HideSolutionNode = FALSE
	EndGlobalSection
	GlobalSection(ExtensibilityGlobals) = postSolution
		SolutionGuid = {9CDE7DE2-50F7-48D3-84E4-58C5F3C60E25}
	EndGlobalSection
EndGlobal
