Microsoft Visual Studio Solution File, Format Version 12.00
# Visual Studio Version 17
VisualStudioVersion = 17.5.2.0
MinimumVisualStudioVersion = 10.0.40219.1
Project("{FAE04EC0-301F-11D3-BF4B-00C04F79EFBC}") = "MiddlewareApp", "MiddlewareApp.csproj", "{64D47C4D-E6DB-4659-1A94-5F561958FDEB}"
EndProject
Global
	GlobalSection(SolutionConfigurationPlatforms) = preSolution
		Debug|Any CPU = Debug|Any CPU
		Release|Any CPU = Release|Any CPU
	EndGlobalSection
	GlobalSection(ProjectConfigurationPlatforms) = postSolution
		{64D47C4D-E6DB-4659-1A94-5F561958FDEB}.Debug|Any CPU.ActiveCfg = Debug|Any CPU
		{64D47C4D-E6DB-4659-1A94-5F561958FDEB}.Debug|Any CPU.Build.0 = Debug|Any CPU
		{64D47C4D-E6DB-4659-1A94-5F561958FDEB}.Release|Any CPU.ActiveCfg = Release|Any CPU
		{64D47C4D-E6DB-4659-1A94-5F561958FDEB}.Release|Any CPU.Build.0 = Release|Any CPU
	EndGlobalSection
	GlobalSection(SolutionProperties) = preSolution
		HideSolutionNode = FALSE
	EndGlobalSection
	GlobalSection(ExtensibilityGlobals) = postSolution
		SolutionGuid = {9F0105A2-FDCC-4428-AB15-6807AC09A49B}
	EndGlobalSection
EndGlobal
