Microsoft Visual Studio Solution File, Format Version 12.00
# Visual Studio Version 17
VisualStudioVersion = 17.5.2.0
MinimumVisualStudioVersion = 10.0.40219.1
Project("{FAE04EC0-301F-11D3-BF4B-00C04F79EFBC}") = "core-identity-demo", "core-identity-demo.csproj", "{004E63CE-7EB0-2AFE-D64A-51DCC4E439AA}"
EndProject
Global
	GlobalSection(SolutionConfigurationPlatforms) = preSolution
		Debug|Any CPU = Debug|Any CPU
		Release|Any CPU = Release|Any CPU
	EndGlobalSection
	GlobalSection(ProjectConfigurationPlatforms) = postSolution
		{004E63CE-7EB0-2AFE-D64A-51DCC4E439AA}.Debug|Any CPU.ActiveCfg = Debug|Any CPU
		{004E63CE-7EB0-2AFE-D64A-51DCC4E439AA}.Debug|Any CPU.Build.0 = Debug|Any CPU
		{004E63CE-7EB0-2AFE-D64A-51DCC4E439AA}.Release|Any CPU.ActiveCfg = Release|Any CPU
		{004E63CE-7EB0-2AFE-D64A-51DCC4E439AA}.Release|Any CPU.Build.0 = Release|Any CPU
	EndGlobalSection
	GlobalSection(SolutionProperties) = preSolution
		HideSolutionNode = FALSE
	EndGlobalSection
	GlobalSection(ExtensibilityGlobals) = postSolution
		SolutionGuid = {51182C84-83EB-43A7-9655-3E1E05D190EA}
	EndGlobalSection
EndGlobal
