Microsoft Visual Studio Solution File, Format Version 12.00
# Visual Studio Version 17
VisualStudioVersion = 17.5.2.0
MinimumVisualStudioVersion = 10.0.40219.1
Project("{FAE04EC0-301F-11D3-BF4B-00C04F79EFBC}") = "ECommerceRoutingApp", "ECommerceRoutingApp.csproj", "{59D3575D-7F5E-5175-89AA-EE61AC76EE94}"
EndProject
Global
	GlobalSection(SolutionConfigurationPlatforms) = preSolution
		Debug|Any CPU = Debug|Any CPU
		Release|Any CPU = Release|Any CPU
	EndGlobalSection
	GlobalSection(ProjectConfigurationPlatforms) = postSolution
		{59D3575D-7F5E-5175-89AA-EE61AC76EE94}.Debug|Any CPU.ActiveCfg = Debug|Any CPU
		{59D3575D-7F5E-5175-89AA-EE61AC76EE94}.Debug|Any CPU.Build.0 = Debug|Any CPU
		{59D3575D-7F5E-5175-89AA-EE61AC76EE94}.Release|Any CPU.ActiveCfg = Release|Any CPU
		{59D3575D-7F5E-5175-89AA-EE61AC76EE94}.Release|Any CPU.Build.0 = Release|Any CPU
	EndGlobalSection
	GlobalSection(SolutionProperties) = preSolution
		HideSolutionNode = FALSE
	EndGlobalSection
	GlobalSection(ExtensibilityGlobals) = postSolution
		SolutionGuid = {A59906A5-9F05-4DB0-AF00-EE75CC9DB9D8}
	EndGlobalSection
EndGlobal
