
Microsoft Visual Studio Solution File, Format Version 12.00
# Visual Studio Version 17
VisualStudioVersion = 17.0.31903.59
MinimumVisualStudioVersion = 10.0.40219.1
Project("{FAE04EC0-301F-11D3-BF4B-00C04F79EFBC}") = "ShopForHome.Api", "ShopForHome.Api\ShopForHome.Api.csproj", "{BA665E35-27D3-4F1E-BA1C-BDE4AC67E383}"
EndProject
Project("{FAE04EC0-301F-11D3-BF4B-00C04F79EFBC}") = "ShopForHome.Tests", "ShopForHome.Tests\ShopForHome.Tests.csproj", "{5DDED470-F9C4-400B-83AB-32852FB446EB}"
EndProject
Global
	GlobalSection(SolutionConfigurationPlatforms) = preSolution
		Debug|Any CPU = Debug|Any CPU
		Debug|x64 = Debug|x64
		Debug|x86 = Debug|x86
		Release|Any CPU = Release|Any CPU
		Release|x64 = Release|x64
		Release|x86 = Release|x86
	EndGlobalSection
	GlobalSection(ProjectConfigurationPlatforms) = postSolution
		{BA665E35-27D3-4F1E-BA1C-BDE4AC67E383}.Debug|Any CPU.ActiveCfg = Debug|Any CPU
		{BA665E35-27D3-4F1E-BA1C-BDE4AC67E383}.Debug|Any CPU.Build.0 = Debug|Any CPU
		{BA665E35-27D3-4F1E-BA1C-BDE4AC67E383}.Debug|x64.ActiveCfg = Debug|Any CPU
		{BA665E35-27D3-4F1E-BA1C-BDE4AC67E383}.Debug|x64.Build.0 = Debug|Any CPU
		{BA665E35-27D3-4F1E-BA1C-BDE4AC67E383}.Debug|x86.ActiveCfg = Debug|Any CPU
		{BA665E35-27D3-4F1E-BA1C-BDE4AC67E383}.Debug|x86.Build.0 = Debug|Any CPU
		{BA665E35-27D3-4F1E-BA1C-BDE4AC67E383}.Release|Any CPU.ActiveCfg = Release|Any CPU
		{BA665E35-27D3-4F1E-BA1C-BDE4AC67E383}.Release|Any CPU.Build.0 = Release|Any CPU
		{BA665E35-27D3-4F1E-BA1C-BDE4AC67E383}.Release|x64.ActiveCfg = Release|Any CPU
		{BA665E35-27D3-4F1E-BA1C-BDE4AC67E383}.Release|x64.Build.0 = Release|Any CPU
		{BA665E35-27D3-4F1E-BA1C-BDE4AC67E383}.Release|x86.ActiveCfg = Release|Any CPU
		{BA665E35-27D3-4F1E-BA1C-BDE4AC67E383}.Release|x86.Build.0 = Release|Any CPU
		{5DDED470-F9C4-400B-83AB-32852FB446EB}.Debug|Any CPU.ActiveCfg = Debug|Any CPU
		{5DDED470-F9C4-400B-83AB-32852FB446EB}.Debug|Any CPU.Build.0 = Debug|Any CPU
		{5DDED470-F9C4-400B-83AB-32852FB446EB}.Debug|x64.ActiveCfg = Debug|Any CPU
		{5DDED470-F9C4-400B-83AB-32852FB446EB}.Debug|x64.Build.0 = Debug|Any CPU
		{5DDED470-F9C4-400B-83AB-32852FB446EB}.Debug|x86.ActiveCfg = Debug|Any CPU
		{5DDED470-F9C4-400B-83AB-32852FB446EB}.Debug|x86.Build.0 = Debug|Any CPU
		{5DDED470-F9C4-400B-83AB-32852FB446EB}.Release|Any CPU.ActiveCfg = Release|Any CPU
		{5DDED470-F9C4-400B-83AB-32852FB446EB}.Release|Any CPU.Build.0 = Release|Any CPU
		{5DDED470-F9C4-400B-83AB-32852FB446EB}.Release|x64.ActiveCfg = Release|Any CPU
		{5DDED470-F9C4-400B-83AB-32852FB446EB}.Release|x64.Build.0 = Release|Any CPU
		{5DDED470-F9C4-400B-83AB-32852FB446EB}.Release|x86.ActiveCfg = Release|Any CPU
		{5DDED470-F9C4-400B-83AB-32852FB446EB}.Release|x86.Build.0 = Release|Any CPU
	EndGlobalSection
	GlobalSection(SolutionProperties) = preSolution
		HideSolutionNode = FALSE
	EndGlobalSection
EndGlobal
