Microsoft Visual Studio Solution File, Format Version 12.00
# Visual Studio Version 17
VisualStudioVersion = 17.5.2.0
MinimumVisualStudioVersion = 10.0.40219.1
Project("{FAE04EC0-301F-11D3-BF4B-00C04F79EFBC}") = "SecureLoginApp", "SecureLoginApp\SecureLoginApp.csproj", "{12CA843B-5761-17B3-BA7B-17BE36FE5489}"
EndProject
Global
	GlobalSection(SolutionConfigurationPlatforms) = preSolution
		Debug|Any CPU = Debug|Any CPU
		Release|Any CPU = Release|Any CPU
	EndGlobalSection
	GlobalSection(ProjectConfigurationPlatforms) = postSolution
		{12CA843B-5761-17B3-BA7B-17BE36FE5489}.Debug|Any CPU.ActiveCfg = Debug|Any CPU
		{12CA843B-5761-17B3-BA7B-17BE36FE5489}.Debug|Any CPU.Build.0 = Debug|Any CPU
		{12CA843B-5761-17B3-BA7B-17BE36FE5489}.Release|Any CPU.ActiveCfg = Release|Any CPU
		{12CA843B-5761-17B3-BA7B-17BE36FE5489}.Release|Any CPU.Build.0 = Release|Any CPU
	EndGlobalSection
	GlobalSection(SolutionProperties) = preSolution
		HideSolutionNode = FALSE
	EndGlobalSection
	GlobalSection(ExtensibilityGlobals) = postSolution
		SolutionGuid = {5518D188-93EF-4B2C-AC3C-7D19B9636550}
	EndGlobalSection
EndGlobal
